// !$*UTF8*$!
{
	archiveVersion = 1;
	classes = {
	};
	objectVersion = 46;
	objects = {

/* Begin PBXBuildFile section */
		7D5D524C1DE0BB0B00D72E5E /* AppDelegate.swift in Sources */ = {isa = PBXBuildFile; fileRef = 7D5D524B1DE0BB0B00D72E5E /* AppDelegate.swift */; };
		7D5D524E1DE0BB0B00D72E5E /* ViewController.swift in Sources */ = {isa = PBXBuildFile; fileRef = 7D5D524D1DE0BB0B00D72E5E /* ViewController.swift */; };
		7D5D52511DE0BB0B00D72E5E /* Main.storyboard in Resources */ = {isa = PBXBuildFile; fileRef = 7D5D524F1DE0BB0B00D72E5E /* Main.storyboard */; };
		7D5D52531DE0BB0B00D72E5E /* Assets.xcassets in Resources */ = {isa = PBXBuildFile; fileRef = 7D5D52521DE0BB0B00D72E5E /* Assets.xcassets */; };
		7D5D52561DE0BB0B00D72E5E /* LaunchScreen.storyboard in Resources */ = {isa = PBXBuildFile; fileRef = 7D5D52541DE0BB0B00D72E5E /* LaunchScreen.storyboard */; };
		7D5D52611DE0BB0B00D72E5E /* SafeSpot2Tests.swift in Sources */ = {isa = PBXBuildFile; fileRef = 7D5D52601DE0BB0B00D72E5E /* SafeSpot2Tests.swift */; };
		7D5D526C1DE0BB0B00D72E5E /* SafeSpot2UITests.swift in Sources */ = {isa = PBXBuildFile; fileRef = 7D5D526B1DE0BB0B00D72E5E /* SafeSpot2UITests.swift */; };
/* End PBXBuildFile section */

/* Begin PBXContainerItemProxy section */
		7D5D525D1DE0BB0B00D72E5E /* PBXContainerItemProxy */ = {
			isa = PBXContainerItemProxy;
			containerPortal = 7D5D52401DE0BB0B00D72E5E /* Project object */;
			proxyType = 1;
			remoteGlobalIDString = 7D5D52471DE0BB0B00D72E5E;
			remoteInfo = SafeSpot2;
		};
		7D5D52681DE0BB0B00D72E5E /* PBXContainerItemProxy */ = {
			isa = PBXContainerItemProxy;
			containerPortal = 7D5D52401DE0BB0B00D72E5E /* Project object */;
			proxyType = 1;
			remoteGlobalIDString = 7D5D52471DE0BB0B00D72E5E;
			remoteInfo = SafeSpot2;
		};
/* End PBXContainerItemProxy section */

/* Begin PBXFileReference section */
		7D5D52481DE0BB0B00D72E5E /* SafeSpot2.app */ = {isa = PBXFileReference; explicitFileType = wrapper.application; includeInIndex = 0; path = SafeSpot2.app; sourceTree = BUILT_PRODUCTS_DIR; };
		7D5D524B1DE0BB0B00D72E5E /* AppDelegate.swift */ = {isa = PBXFileReference; lastKnownFileType = sourcecode.swift; path = AppDelegate.swift; sourceTree = "<group>"; };
		7D5D524D1DE0BB0B00D72E5E /* ViewController.swift */ = {isa = PBXFileReference; lastKnownFileType = sourcecode.swift; path = ViewController.swift; sourceTree = "<group>"; };
		7D5D52501DE0BB0B00D72E5E /* Base */ = {isa = PBXFileReference; lastKnownFileType = file.storyboard; name = Base; path = Base.lproj/Main.storyboard; sourceTree = "<group>"; };
		7D5D52521DE0BB0B00D72E5E /* Assets.xcassets */ = {isa = PBXFileReference; lastKnownFileType = folder.assetcatalog; path = Assets.xcassets; sourceTree = "<group>"; };
		7D5D52551DE0BB0B00D72E5E /* Base */ = {isa = PBXFileReference; lastKnownFileType = file.storyboard; name = Base; path = Base.lproj/LaunchScreen.storyboard; sourceTree = "<group>"; };
		7D5D52571DE0BB0B00D72E5E /* Info.plist */ = {isa = PBXFileReference; lastKnownFileType = text.plist.xml; path = Info.plist; sourceTree = "<group>"; };
		7D5D525C1DE0BB0B00D72E5E /* SafeSpot2Tests.xctest */ = {isa = PBXFileReference; explicitFileType = wrapper.cfbundle; includeInIndex = 0; path = SafeSpot2Tests.xctest; sourceTree = BUILT_PRODUCTS_DIR; };
		7D5D52601DE0BB0B00D72E5E /* SafeSpot2Tests.swift */ = {isa = PBXFileReference; lastKnownFileType = sourcecode.swift; path = SafeSpot2Tests.swift; sourceTree = "<group>"; };
		7D5D52621DE0BB0B00D72E5E /* Info.plist */ = {isa = PBXFileReference; lastKnownFileType = text.plist.xml; path = Info.plist; sourceTree = "<group>"; };
		7D5D52671DE0BB0B00D72E5E /* SafeSpot2UITests.xctest */ = {isa = PBXFileReference; explicitFileType = wrapper.cfbundle; includeInIndex = 0; path = SafeSpot2UITests.xctest; sourceTree = BUILT_PRODUCTS_DIR; };
		7D5D526B1DE0BB0B00D72E5E /* SafeSpot2UITests.swift */ = {isa = PBXFileReference; lastKnownFileType = sourcecode.swift; path = SafeSpot2UITests.swift; sourceTree = "<group>"; };
		7D5D526D1DE0BB0B00D72E5E /* Info.plist */ = {isa = PBXFileReference; lastKnownFileType = text.plist.xml; path = Info.plist; sourceTree = "<group>"; };
/* End PBXFileReference section */

/* Begin PBXFrameworksBuildPhase section */
		7D5D52451DE0BB0B00D72E5E /* Frameworks */ = {
			isa = PBXFrameworksBuildPhase;
			buildActionMask = 2147483647;
			files = (
			);
			runOnlyForDeploymentPostprocessing = 0;
		};
		7D5D52591DE0BB0B00D72E5E /* Frameworks */ = {
			isa = PBXFrameworksBuildPhase;
			buildActionMask = 2147483647;
			files = (
			);
			runOnlyForDeploymentPostprocessing = 0;
		};
		7D5D52641DE0BB0B00D72E5E /* Frameworks */ = {
			isa = PBXFrameworksBuildPhase;
			buildActionMask = 2147483647;
			files = (
			);
			runOnlyForDeploymentPostprocessing = 0;
		};
/* End PBXFrameworksBuildPhase section */

/* Begin PBXGroup section */
		7D5D523F1DE0BB0B00D72E5E = {
			isa = PBXGroup;
			children = (
				7D5D524A1DE0BB0B00D72E5E /* SafeSpot2 */,
				7D5D525F1DE0BB0B00D72E5E /* SafeSpot2Tests */,
				7D5D526A1DE0BB0B00D72E5E /* SafeSpot2UITests */,
				7D5D52491DE0BB0B00D72E5E /* Products */,
			);
			sourceTree = "<group>";
		};
		7D5D52491DE0BB0B00D72E5E /* Products */ = {
			isa = PBXGroup;
			children = (
				7D5D52481DE0BB0B00D72E5E /* SafeSpot2.app */,
				7D5D525C1DE0BB0B00D72E5E /* SafeSpot2Tests.xctest */,
				7D5D52671DE0BB0B00D72E5E /* SafeSpot2UITests.xctest */,
			);
			name = Products;
			sourceTree = "<group>";
		};
		7D5D524A1DE0BB0B00D72E5E /* SafeSpot2 */ = {
			isa = PBXGroup;
			children = (
				7D5D524B1DE0BB0B00D72E5E /* AppDelegate.swift */,
				7D5D524D1DE0BB0B00D72E5E /* ViewController.swift */,
				7D5D524F1DE0BB0B00D72E5E /* Main.storyboard */,
				7D5D52521DE0BB0B00D72E5E /* Assets.xcassets */,
				7D5D52541DE0BB0B00D72E5E /* LaunchScreen.storyboard */,
				7D5D52571DE0BB0B00D72E5E /* Info.plist */,
			);
			path = SafeSpot2;
			sourceTree = "<group>";
		};
		7D5D525F1DE0BB0B00D72E5E /* SafeSpot2Tests */ = {
			isa = PBXGroup;
			children = (
				7D5D52601DE0BB0B00D72E5E /* SafeSpot2Tests.swift */,
				7D5D52621DE0BB0B00D72E5E /* Info.plist */,
			);
			path = SafeSpot2Tests;
			sourceTree = "<group>";
		};
		7D5D526A1DE0BB0B00D72E5E /* SafeSpot2UITests */ = {
			isa = PBXGroup;
			children = (
				7D5D526B1DE0BB0B00D72E5E /* SafeSpot2UITests.swift */,
				7D5D526D1DE0BB0B00D72E5E /* Info.plist */,
			);
			path = SafeSpot2UITests;
			sourceTree = "<group>";
		};
/* End PBXGroup section */

/* Begin PBXNativeTarget section */
		7D5D52471DE0BB0B00D72E5E /* SafeSpot2 */ = {
			isa = PBXNativeTarget;
			buildConfigurationList = 7D5D52701DE0BB0B00D72E5E /* Build configuration list for PBXNativeTarget "SafeSpot2" */;
			buildPhases = (
				7D5D52441DE0BB0B00D72E5E /* Sources */,
				7D5D52451DE0BB0B00D72E5E /* Frameworks */,
				7D5D52461DE0BB0B00D72E5E /* Resources */,
			);
			buildRules = (
			);
			dependencies = (
			);
			name = SafeSpot2;
			productName = SafeSpot2;
			productReference = 7D5D52481DE0BB0B00D72E5E /* SafeSpot2.app */;
			productType = "com.apple.product-type.application";
		};
		7D5D525B1DE0BB0B00D72E5E /* SafeSpot2Tests */ = {
			isa = PBXNativeTarget;
			buildConfigurationList = 7D5D52731DE0BB0B00D72E5E /* Build configuration list for PBXNativeTarget "SafeSpot2Tests" */;
			buildPhases = (
				7D5D52581DE0BB0B00D72E5E /* Sources */,
				7D5D52591DE0BB0B00D72E5E /* Frameworks */,
				7D5D525A1DE0BB0B00D72E5E /* Resources */,
			);
			buildRules = (
			);
			dependencies = (
				7D5D525E1DE0BB0B00D72E5E /* PBXTargetDependency */,
			);
			name = SafeSpot2Tests;
			productName = SafeSpot2Tests;
			productReference = 7D5D525C1DE0BB0B00D72E5E /* SafeSpot2Tests.xctest */;
			productType = "com.apple.product-type.bundle.unit-test";
		};
		7D5D52661DE0BB0B00D72E5E /* SafeSpot2UITests */ = {
			isa = PBXNativeTarget;
			buildConfigurationList = 7D5D52761DE0BB0B00D72E5E /* Build configuration list for PBXNativeTarget "SafeSpot2UITests" */;
			buildPhases = (
				7D5D52631DE0BB0B00D72E5E /* Sources */,
				7D5D52641DE0BB0B00D72E5E /* Frameworks */,
				7D5D52651DE0BB0B00D72E5E /* Resources */,
			);
			buildRules = (
			);
			dependencies = (
				7D5D52691DE0BB0B00D72E5E /* PBXTargetDependency */,
			);
			name = SafeSpot2UITests;
			productName = SafeSpot2UITests;
			productReference = 7D5D52671DE0BB0B00D72E5E /* SafeSpot2UITests.xctest */;
			productType = "com.apple.product-type.bundle.ui-testing";
		};
/* End PBXNativeTarget section */

/* Begin PBXProject section */
		7D5D52401DE0BB0B00D72E5E /* Project object */ = {
			isa = PBXProject;
			attributes = {
				LastSwiftUpdateCheck = 0810;
				LastUpgradeCheck = 0810;
				ORGANIZATIONNAME = teamawesomesauce;
				TargetAttributes = {
					7D5D52471DE0BB0B00D72E5E = {
						CreatedOnToolsVersion = 8.1;
						ProvisioningStyle = Automatic;
					};
					7D5D525B1DE0BB0B00D72E5E = {
						CreatedOnToolsVersion = 8.1;
						ProvisioningStyle = Automatic;
						TestTargetID = 7D5D52471DE0BB0B00D72E5E;
					};
					7D5D52661DE0BB0B00D72E5E = {
						CreatedOnToolsVersion = 8.1;
						ProvisioningStyle = Automatic;
						TestTargetID = 7D5D52471DE0BB0B00D72E5E;
					};
				};
			};
			buildConfigurationList = 7D5D52431DE0BB0B00D72E5E /* Build configuration list for PBXProject "SafeSpot2" */;
			compatibilityVersion = "Xcode 3.2";
			developmentRegion = English;
			hasScannedForEncodings = 0;
			knownRegions = (
				en,
				Base,
			);
			mainGroup = 7D5D523F1DE0BB0B00D72E5E;
			productRefGroup = 7D5D52491DE0BB0B00D72E5E /* Products */;
			projectDirPath = "";
			projectRoot = "";
			targets = (
				7D5D52471DE0BB0B00D72E5E /* SafeSpot2 */,
				7D5D525B1DE0BB0B00D72E5E /* SafeSpot2Tests */,
				7D5D52661DE0BB0B00D72E5E /* SafeSpot2UITests */,
			);
		};
/* End PBXProject section */

/* Begin PBXResourcesBuildPhase section */
		7D5D52461DE0BB0B00D72E5E /* Resources */ = {
			isa = PBXResourcesBuildPhase;
			buildActionMask = 2147483647;
			files = (
				7D5D52561DE0BB0B00D72E5E /* LaunchScreen.storyboard in Resources */,
				7D5D52531DE0BB0B00D72E5E /* Assets.xcassets in Resources */,
				7D5D52511DE0BB0B00D72E5E /* Main.storyboard in Resources */,
			);
			runOnlyForDeploymentPostprocessing = 0;
		};
		7D5D525A1DE0BB0B00D72E5E /* Resources */ = {
			isa = PBXResourcesBuildPhase;
			buildActionMask = 2147483647;
			files = (
			);
			runOnlyForDeploymentPostprocessing = 0;
		};
		7D5D52651DE0BB0B00D72E5E /* Resources */ = {
			isa = PBXResourcesBuildPhase;
			buildActionMask = 2147483647;
			files = (
			);
			runOnlyForDeploymentPostprocessing = 0;
		};
/* End PBXResourcesBuildPhase section */

/* Begin PBXSourcesBuildPhase section */
		7D5D52441DE0BB0B00D72E5E /* Sources */ = {
			isa = PBXSourcesBuildPhase;
			buildActionMask = 2147483647;
			files = (
				7D5D524E1DE0BB0B00D72E5E /* ViewController.swift in Sources */,
				7D5D524C1DE0BB0B00D72E5E /* AppDelegate.swift in Sources */,
			);
			runOnlyForDeploymentPostprocessing = 0;
		};
		7D5D52581DE0BB0B00D72E5E /* Sources */ = {
			isa = PBXSourcesBuildPhase;
			buildActionMask = 2147483647;
			files = (
				7D5D52611DE0BB0B00D72E5E /* SafeSpot2Tests.swift in Sources */,
			);
			runOnlyForDeploymentPostprocessing = 0;
		};
		7D5D52631DE0BB0B00D72E5E /* Sources */ = {
			isa = PBXSourcesBuildPhase;
			buildActionMask = 2147483647;
			files = (
				7D5D526C1DE0BB0B00D72E5E /* SafeSpot2UITests.swift in Sources */,
			);
			runOnlyForDeploymentPostprocessing = 0;
		};
/* End PBXSourcesBuildPhase section */

/* Begin PBXTargetDependency section */
		7D5D525E1DE0BB0B00D72E5E /* PBXTargetDependency */ = {
			isa = PBXTargetDependency;
			target = 7D5D52471DE0BB0B00D72E5E /* SafeSpot2 */;
			targetProxy = 7D5D525D1DE0BB0B00D72E5E /* PBXContainerItemProxy */;
		};
		7D5D52691DE0BB0B00D72E5E /* PBXTargetDependency */ = {
			isa = PBXTargetDependency;
			target = 7D5D52471DE0BB0B00D72E5E /* SafeSpot2 */;
			targetProxy = 7D5D52681DE0BB0B00D72E5E /* PBXContainerItemProxy */;
		};
/* End PBXTargetDependency section */

/* Begin PBXVariantGroup section */
		7D5D524F1DE0BB0B00D72E5E /* Main.storyboard */ = {
			isa = PBXVariantGroup;
			children = (
				7D5D52501DE0BB0B00D72E5E /* Base */,
			);
			name = Main.storyboard;
			sourceTree = "<group>";
		};
		7D5D52541DE0BB0B00D72E5E /* LaunchScreen.storyboard */ = {
			isa = PBXVariantGroup;
			children = (
				7D5D52551DE0BB0B00D72E5E /* Base */,
			);
			name = LaunchScreen.storyboard;
			sourceTree = "<group>";
		};
/* End PBXVariantGroup section */

/* Begin XCBuildConfiguration section */
		7D5D526E1DE0BB0B00D72E5E /* Debug */ = {
			isa = XCBuildConfiguration;
			buildSettings = {
				ALWAYS_SEARCH_USER_PATHS = NO;
				CLANG_ANALYZER_NONNULL = YES;
				CLANG_CXX_LANGUAGE_STANDARD = "gnu++0x";
				CLANG_CXX_LIBRARY = "libc++";
				CLANG_ENABLE_MODULES = YES;
				CLANG_ENABLE_OBJC_ARC = YES;
				CLANG_WARN_BOOL_CONVERSION = YES;
				CLANG_WARN_CONSTANT_CONVERSION = YES;
				CLANG_WARN_DIRECT_OBJC_ISA_USAGE = YES_ERROR;
				CLANG_WARN_DOCUMENTATION_COMMENTS = YES;
				CLANG_WARN_EMPTY_BODY = YES;
				CLANG_WARN_ENUM_CONVERSION = YES;
				CLANG_WARN_INFINITE_RECURSION = YES;
				CLANG_WARN_INT_CONVERSION = YES;
				CLANG_WARN_OBJC_ROOT_CLASS = YES_ERROR;
				CLANG_WARN_SUSPICIOUS_MOVES = YES;
				CLANG_WARN_UNREACHABLE_CODE = YES;
				CLANG_WARN__DUPLICATE_METHOD_MATCH = YES;
				"CODE_SIGN_IDENTITY[sdk=iphoneos*]" = "iPhone Developer";
				COPY_PHASE_STRIP = NO;
				DEBUG_INFORMATION_FORMAT = dwarf;
				ENABLE_STRICT_OBJC_MSGSEND = YES;
				ENABLE_TESTABILITY = YES;
				GCC_C_LANGUAGE_STANDARD = gnu99;
				GCC_DYNAMIC_NO_PIC = NO;
				GCC_NO_COMMON_BLOCKS = YES;
				GCC_OPTIMIZATION_LEVEL = 0;
				GCC_PREPROCESSOR_DEFINITIONS = (
					"DEBUG=1",
					"$(inherited)",
				);
				GCC_WARN_64_TO_32_BIT_CONVERSION = YES;
				GCC_WARN_ABOUT_RETURN_TYPE = YES_ERROR;
				GCC_WARN_UNDECLARED_SELECTOR = YES;
				GCC_WARN_UNINITIALIZED_AUTOS = YES_AGGRESSIVE;
				GCC_WARN_UNUSED_FUNCTION = YES;
				GCC_WARN_UNUSED_VARIABLE = YES;
				IPHONEOS_DEPLOYMENT_TARGET = 10.1;
				MTL_ENABLE_DEBUG_INFO = YES;
				ONLY_ACTIVE_ARCH = YES;
				SDKROOT = iphoneos;
				SWIFT_ACTIVE_COMPILATION_CONDITIONS = DEBUG;
				SWIFT_OPTIMIZATION_LEVEL = "-Onone";
				TARGETED_DEVICE_FAMILY = "1,2";
			};
			name = Debug;
		};
		7D5D526F1DE0BB0B00D72E5E /* Release */ = {
			isa = XCBuildConfiguration;
			buildSettings = {
				ALWAYS_SEARCH_USER_PATHS = NO;
				CLANG_ANALYZER_NONNULL = YES;
				CLANG_CXX_LANGUAGE_STANDARD = "gnu++0x";
				CLANG_CXX_LIBRARY = "libc++";
				CLANG_ENABLE_MODULES = YES;
				CLANG_ENABLE_OBJC_ARC = YES;
				CLANG_WARN_BOOL_CONVERSION = YES;
				CLANG_WARN_CONSTANT_CONVERSION = YES;
				CLANG_WARN_DIRECT_OBJC_ISA_USAGE = YES_ERROR;
				CLANG_WARN_DOCUMENTATION_COMMENTS = YES;
				CLANG_WARN_EMPTY_BODY = YES;
				CLANG_WARN_ENUM_CONVERSION = YES;
				CLANG_WARN_INFINITE_RECURSION = YES;
				CLANG_WARN_INT_CONVERSION = YES;
				CLANG_WARN_OBJC_ROOT_CLASS = YES_ERROR;
				CLANG_WARN_SUSPICIOUS_MOVES = YES;
				CLANG_WARN_UNREACHABLE_CODE = YES;
				CLANG_WARN__DUPLICATE_METHOD_MATCH = YES;
				"CODE_SIGN_IDENTITY[sdk=iphoneos*]" = "iPhone Developer";
				COPY_PHASE_STRIP = NO;
				DEBUG_INFORMATION_FORMAT = "dwarf-with-dsym";
				ENABLE_NS_ASSERTIONS = NO;
				ENABLE_STRICT_OBJC_MSGSEND = YES;
				GCC_C_LANGUAGE_STANDARD = gnu99;
				GCC_NO_COMMON_BLOCKS = YES;
				GCC_WARN_64_TO_32_BIT_CONVERSION = YES;
				GCC_WARN_ABOUT_RETURN_TYPE = YES_ERROR;
				GCC_WARN_UNDECLARED_SELECTOR = YES;
				GCC_WARN_UNINITIALIZED_AUTOS = YES_AGGRESSIVE;
				GCC_WARN_UNUSED_FUNCTION = YES;
				GCC_WARN_UNUSED_VARIABLE = YES;
				IPHONEOS_DEPLOYMENT_TARGET = 10.1;
				MTL_ENABLE_DEBUG_INFO = NO;
				SDKROOT = iphoneos;
				SWIFT_OPTIMIZATION_LEVEL = "-Owholemodule";
				TARGETED_DEVICE_FAMILY = "1,2";
				VALIDATE_PRODUCT = YES;
			};
			name = Release;
		};
		7D5D52711DE0BB0B00D72E5E /* Debug */ = {
			isa = XCBuildConfiguration;
			buildSettings = {
				ASSETCATALOG_COMPILER_APPICON_NAME = AppIcon;
				INFOPLIST_FILE = SafeSpot2/Info.plist;
				LD_RUNPATH_SEARCH_PATHS = "$(inherited) @executable_path/Frameworks";
				PRODUCT_BUNDLE_IDENTIFIER = teamawesomesauce.SafeSpot2;
				PRODUCT_NAME = "$(TARGET_NAME)";
				SWIFT_VERSION = 3.0;
			};
			name = Debug;
		};
		7D5D52721DE0BB0B00D72E5E /* Release */ = {
			isa = XCBuildConfiguration;
			buildSettings = {
				ASSETCATALOG_COMPILER_APPICON_NAME = AppIcon;
				INFOPLIST_FILE = SafeSpot2/Info.plist;
				LD_RUNPATH_SEARCH_PATHS = "$(inherited) @executable_path/Frameworks";
				PRODUCT_BUNDLE_IDENTIFIER = teamawesomesauce.SafeSpot2;
				PRODUCT_NAME = "$(TARGET_NAME)";
				SWIFT_VERSION = 3.0;
			};
			name = Release;
		};
		7D5D52741DE0BB0B00D72E5E /* Debug */ = {
			isa = XCBuildConfiguration;
			buildSettings = {
				ALWAYS_EMBED_SWIFT_STANDARD_LIBRARIES = YES;
				BUNDLE_LOADER = "$(TEST_HOST)";
				INFOPLIST_FILE = SafeSpot2Tests/Info.plist;
				LD_RUNPATH_SEARCH_PATHS = "$(inherited) @executable_path/Frameworks @loader_path/Frameworks";
				PRODUCT_BUNDLE_IDENTIFIER = teamawesomesauce.SafeSpot2Tests;
				PRODUCT_NAME = "$(TARGET_NAME)";
				SWIFT_VERSION = 3.0;
				TEST_HOST = "$(BUILT_PRODUCTS_DIR)/SafeSpot2.app/SafeSpot2";
			};
			name = Debug;
		};
		7D5D52751DE0BB0B00D72E5E /* Release */ = {
			isa = XCBuildConfiguration;
			buildSettings = {
				ALWAYS_EMBED_SWIFT_STANDARD_LIBRARIES = YES;
				BUNDLE_LOADER = "$(TEST_HOST)";
				INFOPLIST_FILE = SafeSpot2Tests/Info.plist;
				LD_RUNPATH_SEARCH_PATHS = "$(inherited) @executable_path/Frameworks @loader_path/Frameworks";
				PRODUCT_BUNDLE_IDENTIFIER = teamawesomesauce.SafeSpot2Tests;
				PRODUCT_NAME = "$(TARGET_NAME)";
				SWIFT_VERSION = 3.0;
				TEST_HOST = "$(BUILT_PRODUCTS_DIR)/SafeSpot2.app/SafeSpot2";
			};
			name = Release;
		};
		7D5D52771DE0BB0B00D72E5E /* Debug */ = {
			isa = XCBuildConfiguration;
			buildSettings = {
				ALWAYS_EMBED_SWIFT_STANDARD_LIBRARIES = YES;
				INFOPLIST_FILE = SafeSpot2UITests/Info.plist;
				LD_RUNPATH_SEARCH_PATHS = "$(inherited) @executable_path/Frameworks @loader_path/Frameworks";
				PRODUCT_BUNDLE_IDENTIFIER = teamawesomesauce.SafeSpot2UITests;
				PRODUCT_NAME = "$(TARGET_NAME)";
				SWIFT_VERSION = 3.0;
				TEST_TARGET_NAME = SafeSpot2;
			};
			name = Debug;
		};
		7D5D52781DE0BB0B00D72E5E /* Release */ = {
			isa = XCBuildConfiguration;
			buildSettings = {
				ALWAYS_EMBED_SWIFT_STANDARD_LIBRARIES = YES;
				INFOPLIST_FILE = SafeSpot2UITests/Info.plist;
				LD_RUNPATH_SEARCH_PATHS = "$(inherited) @executable_path/Frameworks @loader_path/Frameworks";
				PRODUCT_BUNDLE_IDENTIFIER = teamawesomesauce.SafeSpot2UITests;
				PRODUCT_NAME = "$(TARGET_NAME)";
				SWIFT_VERSION = 3.0;
				TEST_TARGET_NAME = SafeSpot2;
			};
			name = Release;
		};
/* End XCBuildConfiguration section */

/* Begin XCConfigurationList section */
		7D5D52431DE0BB0B00D72E5E /* Build configuration list for PBXProject "SafeSpot2" */ = {
			isa = XCConfigurationList;
			buildConfigurations = (
				7D5D526E1DE0BB0B00D72E5E /* Debug */,
				7D5D526F1DE0BB0B00D72E5E /* Release */,
			);
			defaultConfigurationIsVisible = 0;
			defaultConfigurationName = Release;
		};
		7D5D52701DE0BB0B00D72E5E /* Build configuration list for PBXNativeTarget "SafeSpot2" */ = {
			isa = XCConfigurationList;
			buildConfigurations = (
				7D5D52711DE0BB0B00D72E5E /* Debug */,
				7D5D52721DE0BB0B00D72E5E /* Release */,
			);
			defaultConfigurationIsVisible = 0;
		};
		7D5D52731DE0BB0B00D72E5E /* Build configuration list for PBXNativeTarget "SafeSpot2Tests" */ = {
			isa = XCConfigurationList;
			buildConfigurations = (
				7D5D52741DE0BB0B00D72E5E /* Debug */,
				7D5D52751DE0BB0B00D72E5E /* Release */,
			);
			defaultConfigurationIsVisible = 0;
		};
		7D5D52761DE0BB0B00D72E5E /* Build configuration list for PBXNativeTarget "SafeSpot2UITests" */ = {
			isa = XCConfigurationList;
			buildConfigurations = (
				7D5D52771DE0BB0B00D72E5E /* Debug */,
				7D5D52781DE0BB0B00D72E5E /* Release */,
			);
			defaultConfigurationIsVisible = 0;
		};
/* End XCConfigurationList section */
	};
	rootObject = 7D5D52401DE0BB0B00D72E5E /* Project object */;
}
