// !$*UTF8*$!
{
	archiveVersion = 1;
	classes = {
	};
	objectVersion = 46;
	objects = {

/* Begin PBXBuildFile section */
		54AD1CEF1DE00A10001D71BB /* AppDelegate.swift in Sources */ = {isa = PBXBuildFile; fileRef = 54AD1CEE1DE00A10001D71BB /* AppDelegate.swift */; };
		54AD1CF11DE00A10001D71BB /* ViewController.swift in Sources */ = {isa = PBXBuildFile; fileRef = 54AD1CF01DE00A10001D71BB /* ViewController.swift */; };
		54AD1CF41DE00A10001D71BB /* Main.storyboard in Resources */ = {isa = PBXBuildFile; fileRef = 54AD1CF21DE00A10001D71BB /* Main.storyboard */; };
		54AD1CF61DE00A10001D71BB /* Assets.xcassets in Resources */ = {isa = PBXBuildFile; fileRef = 54AD1CF51DE00A10001D71BB /* Assets.xcassets */; };
		54AD1CF91DE00A10001D71BB /* LaunchScreen.storyboard in Resources */ = {isa = PBXBuildFile; fileRef = 54AD1CF71DE00A10001D71BB /* LaunchScreen.storyboard */; };
		7B5B280EAD1B2071843DF122 /* Pods_safeSpot.framework in Frameworks */ = {isa = PBXBuildFile; fileRef = D717815A609EE81F0B3F6082 /* Pods_safeSpot.framework */; };
		7D334D701DE06F0F00D33FE2 /* MapQuestMaps-3.2.1-1.3 in Resources */ = {isa = PBXBuildFile; fileRef = 7D334D6F1DE06F0F00D33FE2 /* MapQuestMaps-3.2.1-1.3 */; };
		7D88E0D71DE02CB700F9B728 /* GoogleService-Info.plist in Resources */ = {isa = PBXBuildFile; fileRef = 7D88E0D61DE02CB700F9B728 /* GoogleService-Info.plist */; };
/* End PBXBuildFile section */

/* Begin PBXFileReference section */
		54AD1CEB1DE00A10001D71BB /* safeSpot.app */ = {isa = PBXFileReference; explicitFileType = wrapper.application; includeInIndex = 0; path = safeSpot.app; sourceTree = BUILT_PRODUCTS_DIR; };
		54AD1CEE1DE00A10001D71BB /* AppDelegate.swift */ = {isa = PBXFileReference; lastKnownFileType = sourcecode.swift; path = AppDelegate.swift; sourceTree = "<group>"; };
		54AD1CF01DE00A10001D71BB /* ViewController.swift */ = {isa = PBXFileReference; lastKnownFileType = sourcecode.swift; path = ViewController.swift; sourceTree = "<group>"; };
		54AD1CF31DE00A10001D71BB /* Base */ = {isa = PBXFileReference; lastKnownFileType = file.storyboard; name = Base; path = Base.lproj/Main.storyboard; sourceTree = "<group>"; };
		54AD1CF51DE00A10001D71BB /* Assets.xcassets */ = {isa = PBXFileReference; lastKnownFileType = folder.assetcatalog; path = Assets.xcassets; sourceTree = "<group>"; };
		54AD1CF81DE00A10001D71BB /* Base */ = {isa = PBXFileReference; lastKnownFileType = file.storyboard; name = Base; path = Base.lproj/LaunchScreen.storyboard; sourceTree = "<group>"; };
		54AD1CFA1DE00A10001D71BB /* Info.plist */ = {isa = PBXFileReference; lastKnownFileType = text.plist.xml; path = Info.plist; sourceTree = "<group>"; };
		6F3044D2E95D4DD6DC3F2486 /* Pods-safeSpot.release.xcconfig */ = {isa = PBXFileReference; includeInIndex = 1; lastKnownFileType = text.xcconfig; name = "Pods-safeSpot.release.xcconfig"; path = "Pods/Target Support Files/Pods-safeSpot/Pods-safeSpot.release.xcconfig"; sourceTree = "<group>"; };
		7D334D6F1DE06F0F00D33FE2 /* MapQuestMaps-3.2.1-1.3 */ = {isa = PBXFileReference; lastKnownFileType = folder; path = "MapQuestMaps-3.2.1-1.3"; sourceTree = "<group>"; };
		7D88E0D61DE02CB700F9B728 /* GoogleService-Info.plist */ = {isa = PBXFileReference; fileEncoding = 4; lastKnownFileType = text.plist.xml; name = "GoogleService-Info.plist"; path = "safeSpot/GoogleService-Info.plist"; sourceTree = "<group>"; };
		BE58257A244D5B6A81EF87E0 /* Pods-safeSpot.debug.xcconfig */ = {isa = PBXFileReference; includeInIndex = 1; lastKnownFileType = text.xcconfig; name = "Pods-safeSpot.debug.xcconfig"; path = "Pods/Target Support Files/Pods-safeSpot/Pods-safeSpot.debug.xcconfig"; sourceTree = "<group>"; };
		D717815A609EE81F0B3F6082 /* Pods_safeSpot.framework */ = {isa = PBXFileReference; explicitFileType = wrapper.framework; includeInIndex = 0; path = Pods_safeSpot.framework; sourceTree = BUILT_PRODUCTS_DIR; };
/* End PBXFileReference section */

/* Begin PBXFrameworksBuildPhase section */
		54AD1CE81DE00A10001D71BB /* Frameworks */ = {
			isa = PBXFrameworksBuildPhase;
			buildActionMask = 2147483647;
			files = (
				7B5B280EAD1B2071843DF122 /* Pods_safeSpot.framework in Frameworks */,
			);
			runOnlyForDeploymentPostprocessing = 0;
		};
/* End PBXFrameworksBuildPhase section */

/* Begin PBXGroup section */
		54AD1CE21DE00A10001D71BB = {
			isa = PBXGroup;
			children = (
				7D88E0D61DE02CB700F9B728 /* GoogleService-Info.plist */,
				7D334D6F1DE06F0F00D33FE2 /* MapQuestMaps-3.2.1-1.3 */,
				54AD1CED1DE00A10001D71BB /* safeSpot */,
				54AD1CEC1DE00A10001D71BB /* Products */,
				9352808B00A24943F342BF91 /* Frameworks */,
				FFFEE945BB6C129175583CF0 /* Pods */,
			);
			sourceTree = "<group>";
		};
		54AD1CEC1DE00A10001D71BB /* Products */ = {
			isa = PBXGroup;
			children = (
				54AD1CEB1DE00A10001D71BB /* safeSpot.app */,
			);
			name = Products;
			sourceTree = "<group>";
		};
		54AD1CED1DE00A10001D71BB /* safeSpot */ = {
			isa = PBXGroup;
			children = (
				54AD1CEE1DE00A10001D71BB /* AppDelegate.swift */,
				54AD1CF01DE00A10001D71BB /* ViewController.swift */,
				54AD1CF21DE00A10001D71BB /* Main.storyboard */,
				54AD1CF51DE00A10001D71BB /* Assets.xcassets */,
				54AD1CF71DE00A10001D71BB /* LaunchScreen.storyboard */,
				54AD1CFA1DE00A10001D71BB /* Info.plist */,
			);
			path = safeSpot;
			sourceTree = "<group>";
		};
		9352808B00A24943F342BF91 /* Frameworks */ = {
			isa = PBXGroup;
			children = (
				D717815A609EE81F0B3F6082 /* Pods_safeSpot.framework */,
			);
			name = Frameworks;
			sourceTree = "<group>";
		};
		FFFEE945BB6C129175583CF0 /* Pods */ = {
			isa = PBXGroup;
			children = (
				BE58257A244D5B6A81EF87E0 /* Pods-safeSpot.debug.xcconfig */,
				6F3044D2E95D4DD6DC3F2486 /* Pods-safeSpot.release.xcconfig */,
			);
			name = Pods;
			sourceTree = "<group>";
		};
/* End PBXGroup section */

/* Begin PBXNativeTarget section */
		54AD1CEA1DE00A10001D71BB /* safeSpot */ = {
			isa = PBXNativeTarget;
			buildConfigurationList = 54AD1CFD1DE00A10001D71BB /* Build configuration list for PBXNativeTarget "safeSpot" */;
			buildPhases = (
				142BF43C4E2E228592D618AC /* [CP] Check Pods Manifest.lock */,
				54AD1CE71DE00A10001D71BB /* Sources */,
				54AD1CE81DE00A10001D71BB /* Frameworks */,
				54AD1CE91DE00A10001D71BB /* Resources */,
				B3DCD359112B6EC798F28A14 /* [CP] Embed Pods Frameworks */,
				DA2E084B2BDCEE793B75625F /* [CP] Copy Pods Resources */,
			);
			buildRules = (
			);
			dependencies = (
			);
			name = safeSpot;
			productName = safeSpot;
			productReference = 54AD1CEB1DE00A10001D71BB /* safeSpot.app */;
			productType = "com.apple.product-type.application";
		};
/* End PBXNativeTarget section */

/* Begin PBXProject section */
		54AD1CE31DE00A10001D71BB /* Project object */ = {
			isa = PBXProject;
			attributes = {
				LastSwiftUpdateCheck = 0730;
				LastUpgradeCheck = 0810;
				ORGANIZATIONNAME = teamAwesomeSauce;
				TargetAttributes = {
					54AD1CEA1DE00A10001D71BB = {
						CreatedOnToolsVersion = 7.3.1;
						DevelopmentTeam = 32C86W6J58;
					};
				};
			};
			buildConfigurationList = 54AD1CE61DE00A10001D71BB /* Build configuration list for PBXProject "safeSpot" */;
			compatibilityVersion = "Xcode 3.2";
			developmentRegion = English;
			hasScannedForEncodings = 0;
			knownRegions = (
				en,
				Base,
			);
			mainGroup = 54AD1CE21DE00A10001D71BB;
			productRefGroup = 54AD1CEC1DE00A10001D71BB /* Products */;
			projectDirPath = "";
			projectRoot = "";
			targets = (
				54AD1CEA1DE00A10001D71BB /* safeSpot */,
			);
		};
/* End PBXProject section */

/* Begin PBXResourcesBuildPhase section */
		54AD1CE91DE00A10001D71BB /* Resources */ = {
			isa = PBXResourcesBuildPhase;
			buildActionMask = 2147483647;
			files = (
				54AD1CF91DE00A10001D71BB /* LaunchScreen.storyboard in Resources */,
				7D334D701DE06F0F00D33FE2 /* MapQuestMaps-3.2.1-1.3 in Resources */,
				7D88E0D71DE02CB700F9B728 /* GoogleService-Info.plist in Resources */,
				54AD1CF61DE00A10001D71BB /* Assets.xcassets in Resources */,
				54AD1CF41DE00A10001D71BB /* Main.storyboard in Resources */,
			);
			runOnlyForDeploymentPostprocessing = 0;
		};
/* End PBXResourcesBuildPhase section */

/* Begin PBXShellScriptBuildPhase section */
		142BF43C4E2E228592D618AC /* [CP] Check Pods Manifest.lock */ = {
			isa = PBXShellScriptBuildPhase;
			buildActionMask = 2147483647;
			files = (
			);
			inputPaths = (
			);
			name = "[CP] Check Pods Manifest.lock";
			outputPaths = (
			);
			runOnlyForDeploymentPostprocessing = 0;
			shellPath = /bin/sh;
			shellScript = "diff \"${PODS_ROOT}/../Podfile.lock\" \"${PODS_ROOT}/Manifest.lock\" > /dev/null\nif [ $? != 0 ] ; then\n    # print error to STDERR\n    echo \"error: The sandbox is not in sync with the Podfile.lock. Run 'pod install' or update your CocoaPods installation.\" >&2\n    exit 1\nfi\n";
			showEnvVarsInLog = 0;
		};
		B3DCD359112B6EC798F28A14 /* [CP] Embed Pods Frameworks */ = {
			isa = PBXShellScriptBuildPhase;
			buildActionMask = 2147483647;
			files = (
			);
			inputPaths = (
			);
			name = "[CP] Embed Pods Frameworks";
			outputPaths = (
			);
			runOnlyForDeploymentPostprocessing = 0;
			shellPath = /bin/sh;
			shellScript = "\"${SRCROOT}/Pods/Target Support Files/Pods-safeSpot/Pods-safeSpot-frameworks.sh\"\n";
			showEnvVarsInLog = 0;
		};
		DA2E084B2BDCEE793B75625F /* [CP] Copy Pods Resources */ = {
			isa = PBXShellScriptBuildPhase;
			buildActionMask = 2147483647;
			files = (
			);
			inputPaths = (
			);
			name = "[CP] Copy Pods Resources";
			outputPaths = (
			);
			runOnlyForDeploymentPostprocessing = 0;
			shellPath = /bin/sh;
			shellScript = "\"${SRCROOT}/Pods/Target Support Files/Pods-safeSpot/Pods-safeSpot-resources.sh\"\n";
			showEnvVarsInLog = 0;
		};
/* End PBXShellScriptBuildPhase section */

/* Begin PBXSourcesBuildPhase section */
		54AD1CE71DE00A10001D71BB /* Sources */ = {
			isa = PBXSourcesBuildPhase;
			buildActionMask = 2147483647;
			files = (
				54AD1CF11DE00A10001D71BB /* ViewController.swift in Sources */,
				54AD1CEF1DE00A10001D71BB /* AppDelegate.swift in Sources */,
			);
			runOnlyForDeploymentPostprocessing = 0;
		};
/* End PBXSourcesBuildPhase section */

/* Begin PBXVariantGroup section */
		54AD1CF21DE00A10001D71BB /* Main.storyboard */ = {
			isa = PBXVariantGroup;
			children = (
				54AD1CF31DE00A10001D71BB /* Base */,
			);
			name = Main.storyboard;
			sourceTree = "<group>";
		};
		54AD1CF71DE00A10001D71BB /* LaunchScreen.storyboard */ = {
			isa = PBXVariantGroup;
			children = (
				54AD1CF81DE00A10001D71BB /* Base */,
			);
			name = LaunchScreen.storyboard;
			sourceTree = "<group>";
		};
/* End PBXVariantGroup section */

/* Begin XCBuildConfiguration section */
		54AD1CFB1DE00A10001D71BB /* Debug */ = {
			isa = XCBuildConfiguration;
			buildSettings = {
				ALWAYS_SEARCH_USER_PATHS = NO;
				CLANG_ANALYZER_NONNULL = YES;
				CLANG_CXX_LANGUAGE_STANDARD = "gnu++0x";
				CLANG_CXX_LIBRARY = "libc++";
				CLANG_ENABLE_MODULES = YES;
				CLANG_ENABLE_OBJC_ARC = YES;
				CLANG_WARN_BOOL_CONVERSION = YES;
				CLANG_WARN_CONSTANT_CONVERSION = YES;
				CLANG_WARN_DIRECT_OBJC_ISA_USAGE = YES_ERROR;
				CLANG_WARN_EMPTY_BODY = YES;
				CLANG_WARN_ENUM_CONVERSION = YES;
				CLANG_WARN_INFINITE_RECURSION = YES;
				CLANG_WARN_INT_CONVERSION = YES;
				CLANG_WARN_OBJC_ROOT_CLASS = YES_ERROR;
				CLANG_WARN_SUSPICIOUS_MOVE = YES;
				CLANG_WARN_UNREACHABLE_CODE = YES;
				CLANG_WARN__DUPLICATE_METHOD_MATCH = YES;
				"CODE_SIGN_IDENTITY[sdk=iphoneos*]" = "iPhone Developer";
				COPY_PHASE_STRIP = NO;
				DEBUG_INFORMATION_FORMAT = dwarf;
				ENABLE_STRICT_OBJC_MSGSEND = YES;
				ENABLE_TESTABILITY = YES;
				GCC_C_LANGUAGE_STANDARD = gnu99;
				GCC_DYNAMIC_NO_PIC = NO;
				GCC_NO_COMMON_BLOCKS = YES;
				GCC_OPTIMIZATION_LEVEL = 0;
				GCC_PREPROCESSOR_DEFINITIONS = (
					"DEBUG=1",
					"$(inherited)",
				);
				GCC_WARN_64_TO_32_BIT_CONVERSION = YES;
				GCC_WARN_ABOUT_RETURN_TYPE = YES_ERROR;
				GCC_WARN_UNDECLARED_SELECTOR = YES;
				GCC_WARN_UNINITIALIZED_AUTOS = YES_AGGRESSIVE;
				GCC_WARN_UNUSED_FUNCTION = YES;
				GCC_WARN_UNUSED_VARIABLE = YES;
				IPHONEOS_DEPLOYMENT_TARGET = 9.3;
				MTL_ENABLE_DEBUG_INFO = YES;
				ONLY_ACTIVE_ARCH = YES;
				SDKROOT = iphoneos;
				SWIFT_OPTIMIZATION_LEVEL = "-Onone";
				TARGETED_DEVICE_FAMILY = "1,2";
			};
			name = Debug;
		};
		54AD1CFC1DE00A10001D71BB /* Release */ = {
			isa = XCBuildConfiguration;
			buildSettings = {
				ALWAYS_SEARCH_USER_PATHS = NO;
				CLANG_ANALYZER_NONNULL = YES;
				CLANG_CXX_LANGUAGE_STANDARD = "gnu++0x";
				CLANG_CXX_LIBRARY = "libc++";
				CLANG_ENABLE_MODULES = YES;
				CLANG_ENABLE_OBJC_ARC = YES;
				CLANG_WARN_BOOL_CONVERSION = YES;
				CLANG_WARN_CONSTANT_CONVERSION = YES;
				CLANG_WARN_DIRECT_OBJC_ISA_USAGE = YES_ERROR;
				CLANG_WARN_EMPTY_BODY = YES;
				CLANG_WARN_ENUM_CONVERSION = YES;
				CLANG_WARN_INFINITE_RECURSION = YES;
				CLANG_WARN_INT_CONVERSION = YES;
				CLANG_WARN_OBJC_ROOT_CLASS = YES_ERROR;
				CLANG_WARN_SUSPICIOUS_MOVE = YES;
				CLANG_WARN_UNREACHABLE_CODE = YES;
				CLANG_WARN__DUPLICATE_METHOD_MATCH = YES;
				"CODE_SIGN_IDENTITY[sdk=iphoneos*]" = "iPhone Developer";
				COPY_PHASE_STRIP = NO;
				DEBUG_INFORMATION_FORMAT = "dwarf-with-dsym";
				ENABLE_NS_ASSERTIONS = NO;
				ENABLE_STRICT_OBJC_MSGSEND = YES;
				GCC_C_LANGUAGE_STANDARD = gnu99;
				GCC_NO_COMMON_BLOCKS = YES;
				GCC_WARN_64_TO_32_BIT_CONVERSION = YES;
				GCC_WARN_ABOUT_RETURN_TYPE = YES_ERROR;
				GCC_WARN_UNDECLARED_SELECTOR = YES;
				GCC_WARN_UNINITIALIZED_AUTOS = YES_AGGRESSIVE;
				GCC_WARN_UNUSED_FUNCTION = YES;
				GCC_WARN_UNUSED_VARIABLE = YES;
				IPHONEOS_DEPLOYMENT_TARGET = 9.3;
				MTL_ENABLE_DEBUG_INFO = NO;
				SDKROOT = iphoneos;
				SWIFT_OPTIMIZATION_LEVEL = "-Owholemodule";
				TARGETED_DEVICE_FAMILY = "1,2";
				VALIDATE_PRODUCT = YES;
			};
			name = Release;
		};
		54AD1CFE1DE00A10001D71BB /* Debug */ = {
			isa = XCBuildConfiguration;
			baseConfigurationReference = BE58257A244D5B6A81EF87E0 /* Pods-safeSpot.debug.xcconfig */;
			buildSettings = {
				ASSETCATALOG_COMPILER_APPICON_NAME = AppIcon;
				CODE_SIGN_IDENTITY = "iPhone Developer";
				"CODE_SIGN_IDENTITY[sdk=iphoneos*]" = "iPhone Developer";
				DEVELOPMENT_TEAM = 32C86W6J58;
				INFOPLIST_FILE = safeSpot/Info.plist;
				LD_RUNPATH_SEARCH_PATHS = "$(inherited) @executable_path/Frameworks";
				PRODUCT_BUNDLE_IDENTIFIER = broncosHackathon.safeSpot;
				PRODUCT_NAME = "$(TARGET_NAME)";
				PROVISIONING_PROFILE = "";
				SWIFT_VERSION = 2.3;
			};
			name = Debug;
		};
		54AD1CFF1DE00A10001D71BB /* Release */ = {
			isa = XCBuildConfiguration;
			baseConfigurationReference = 6F3044D2E95D4DD6DC3F2486 /* Pods-safeSpot.release.xcconfig */;
			buildSettings = {
				ASSETCATALOG_COMPILER_APPICON_NAME = AppIcon;
				CODE_SIGN_IDENTITY = "iPhone Developer";
				"CODE_SIGN_IDENTITY[sdk=iphoneos*]" = "iPhone Developer";
				DEVELOPMENT_TEAM = 32C86W6J58;
				INFOPLIST_FILE = safeSpot/Info.plist;
				LD_RUNPATH_SEARCH_PATHS = "$(inherited) @executable_path/Frameworks";
				PRODUCT_BUNDLE_IDENTIFIER = broncosHackathon.safeSpot;
				PRODUCT_NAME = "$(TARGET_NAME)";
				PROVISIONING_PROFILE = "";
				SWIFT_VERSION = 2.3;
			};
			name = Release;
		};
/* End XCBuildConfiguration section */

/* Begin XCConfigurationList section */
		54AD1CE61DE00A10001D71BB /* Build configuration list for PBXProject "safeSpot" */ = {
			isa = XCConfigurationList;
			buildConfigurations = (
				54AD1CFB1DE00A10001D71BB /* Debug */,
				54AD1CFC1DE00A10001D71BB /* Release */,
			);
			defaultConfigurationIsVisible = 0;
			defaultConfigurationName = Release;
		};
		54AD1CFD1DE00A10001D71BB /* Build configuration list for PBXNativeTarget "safeSpot" */ = {
			isa = XCConfigurationList;
			buildConfigurations = (
				54AD1CFE1DE00A10001D71BB /* Debug */,
				54AD1CFF1DE00A10001D71BB /* Release */,
			);
			defaultConfigurationIsVisible = 0;
			defaultConfigurationName = Release;
		};
/* End XCConfigurationList section */
	};
	rootObject = 54AD1CE31DE00A10001D71BB /* Project object */;
}
